name: Lock

# yamllint disable-line rule:truthy
on:
  schedule:
    - cron: "0 9 * * *"
  workflow_dispatch:

permissions:
  issues: write
  pull-requests: write

jobs:
  lock:
    name: Lock closed issues and PRs
    runs-on: ubuntu-latest
    steps:
      - uses: dessant/lock-threads@7266a7ce5c1df01b1c6db85bf8cd86c737dadbe7 # v6.0.0
        with:
          github-token: ${{ secrets.GITHUB_TOKEN }}
          process-only: "issues, prs"
          issue-inactive-days: "30"
          issue-lock-reason: ""
          pr-inactive-days: "1"
          pr-lock-reason: ""
